
Microsoft Visual Studio Solution File, Format Version 12.00
# Visual Studio Version 16
VisualStudioVersion = 16.0.31515.178
MinimumVisualStudioVersion = 10.0.40219.1
Project("{FAE04EC0-301F-11D3-BF4B-00C04F79EFBC}") = "APIReact", "APIReact.csproj", "{73A2B1E6-8DD0-4F3D-AD57-58A18050C211}"
EndProject
Global
	GlobalSection(SolutionConfigurationPlatforms) = preSolution
		Debug|Any CPU = Debug|Any CPU
		Release|Any CPU = Release|Any CPU
	EndGlobalSection
	GlobalSection(ProjectConfigurationPlatforms) = postSolution
		{73A2B1E6-8DD0-4F3D-AD57-58A18050C211}.Debug|Any CPU.ActiveCfg = Debug|Any CPU
		{73A2B1E6-8DD0-4F3D-AD57-58A18050C211}.Debug|Any CPU.Build.0 = Debug|Any CPU
		{73A2B1E6-8DD0-4F3D-AD57-58A18050C211}.Release|Any CPU.ActiveCfg = Release|Any CPU
		{73A2B1E6-8DD0-4F3D-AD57-58A18050C211}.Release|Any CPU.Build.0 = Release|Any CPU
	EndGlobalSection
	GlobalSection(SolutionProperties) = preSolution
		HideSolutionNode = FALSE
	EndGlobalSection
	GlobalSection(ExtensibilityGlobals) = postSolution
		SolutionGuid = {3E6E4F99-B065-42A0-97CA-DB5C534955D8}
	EndGlobalSection
EndGlobal
